<?xml version="1.0" encoding="utf-8"?>
<Project ToolsVersion="4.0" xmlns:atg="http://atg.xbox.com" xmlns="http://schemas.microsoft.com/developer/msbuild/2003">
  <ItemGroup>
    <Filter Include="DXUT">
      <UniqueIdentifier>{a43c5c25-0e86-4a20-b64a-883785ff74fd}</UniqueIdentifier>
    </Filter>
    <Filter Include="Shaders">
      <UniqueIdentifier>{2c3d4c8c-5d1a-459a-a05a-a4e4b608a44e}</UniqueIdentifier>
      <Extensions>fx;fxh;hlsl</Extensions>
    </Filter>
    <Filter Include="MainProc">
      <UniqueIdentifier>{c1b4f2a9-1b42-4f00-83fa-6b24ddbe3ae2}</UniqueIdentifier>
    </Filter>
    <Filter Include="Manager">
      <UniqueIdentifier>{f46696c8-15a6-4597-94af-4c29addac488}</UniqueIdentifier>
    </Filter>
    <Filter Include="Manager\ImageManager">
      <UniqueIdentifier>{46d68f6f-bbfd-448c-9890-eb8a30d33c0f}</UniqueIdentifier>
    </Filter>
    <Filter Include="Manager\ObjectManager">
      <UniqueIdentifier>{b593edf6-2e59-40b6-8436-2d58be80f8cb}</UniqueIdentifier>
    </Filter>
    <Filter Include="Object">
      <UniqueIdentifier>{a7dac4e3-bc9b-48a3-aa7f-b1fe016c6ed2}</UniqueIdentifier>
    </Filter>
    <Filter Include="Manager\SceneManager">
      <UniqueIdentifier>{33471171-15b8-4590-b05d-66581c0f4652}</UniqueIdentifier>
    </Filter>
    <Filter Include="Scenes">
      <UniqueIdentifier>{3a254d40-ae4b-449f-aa38-5f588b908d25}</UniqueIdentifier>
    </Filter>
    <Filter Include="Scenes\SceneBase">
      <UniqueIdentifier>{46116674-5a84-4030-b0f3-d4246eb85e82}</UniqueIdentifier>
    </Filter>
    <Filter Include="Scenes\InGameScene">
      <UniqueIdentifier>{15033e5b-b0bd-47cf-b2f3-0d04a879342b}</UniqueIdentifier>
    </Filter>
    <Filter Include="Manager\CameraManager">
      <UniqueIdentifier>{8994a832-8ffd-49fc-8ca5-a6e3209468e0}</UniqueIdentifier>
    </Filter>
    <Filter Include="Object\MonsterSpawner">
      <UniqueIdentifier>{297379fe-81c9-4839-afa3-f1ce7e3e33fd}</UniqueIdentifier>
    </Filter>
    <Filter Include="Object\Monster">
      <UniqueIdentifier>{af7825df-2811-404c-bc42-c903df196baa}</UniqueIdentifier>
    </Filter>
    <Filter Include="Object\BackGround">
      <UniqueIdentifier>{f286c451-0be5-4fc3-b2b6-676a7d9b32b8}</UniqueIdentifier>
    </Filter>
    <Filter Include="Object\TowerTile">
      <UniqueIdentifier>{43373cbe-b10d-49d8-a5d9-41813ac5c358}</UniqueIdentifier>
    </Filter>
    <Filter Include="Manager\InputManager">
      <UniqueIdentifier>{8dca212d-f5ba-4e2e-a10f-718bf6b5f590}</UniqueIdentifier>
    </Filter>
    <Filter Include="Object\Tower">
      <UniqueIdentifier>{85c8841e-1b57-46e4-ab2c-56f0a0254620}</UniqueIdentifier>
    </Filter>
    <Filter Include="Object\Tower\Tower01">
      <UniqueIdentifier>{0ec65fec-5c3c-4c38-bec6-996663878244}</UniqueIdentifier>
    </Filter>
    <Filter Include="Object\Bullet">
      <UniqueIdentifier>{60724437-a9e9-4f39-afc0-ee1c09105bde}</UniqueIdentifier>
    </Filter>
  </ItemGroup>
  <ItemGroup>
    <ClInclude Include="DXUT\Core\DXUT.h">
      <Filter>DXUT</Filter>
    </ClInclude>
    <ClInclude Include="DXUT\Core\DXUTenum.h">
      <Filter>DXUT</Filter>
    </ClInclude>
    <ClInclude Include="DXUT\Core\DXUTmisc.h">
      <Filter>DXUT</Filter>
    </ClInclude>
    <ClCompile Include="DXUT\Core\DXUT.cpp">
      <Filter>DXUT</Filter>
    </ClCompile>
    <ClCompile Include="DXUT\Core\DXUTenum.cpp">
      <Filter>DXUT</Filter>
    </ClCompile>
    <ClCompile Include="DXUT\Core\DXUTmisc.cpp">
      <Filter>DXUT</Filter>
    </ClCompile>
    <ClInclude Include="DXUT\Optional\DXUTcamera.h">
      <Filter>DXUT</Filter>
    </ClInclude>
    <ClInclude Include="DXUT\Optional\DXUTgui.h">
      <Filter>DXUT</Filter>
    </ClInclude>
    <ClInclude Include="DXUT\Optional\DXUTres.h">
      <Filter>DXUT</Filter>
    </ClInclude>
    <ClInclude Include="DXUT\Optional\DXUTsettingsdlg.h">
      <Filter>DXUT</Filter>
    </ClInclude>
    <ClInclude Include="DXUT\Optional\SDKmesh.h">
      <Filter>DXUT</Filter>
    </ClInclude>
    <ClInclude Include="DXUT\Optional\SDKmisc.h">
      <Filter>DXUT</Filter>
    </ClInclude>
    <ClCompile Include="DXUT\Optional\DXUTcamera.cpp">
      <Filter>DXUT</Filter>
    </ClCompile>
    <ClCompile Include="DXUT\Optional\DXUTgui.cpp">
      <Filter>DXUT</Filter>
    </ClCompile>
    <ClCompile Include="DXUT\Optional\DXUTres.cpp">
      <Filter>DXUT</Filter>
    </ClCompile>
    <ClCompile Include="DXUT\Optional\DXUTsettingsdlg.cpp">
      <Filter>DXUT</Filter>
    </ClCompile>
    <ClCompile Include="DXUT\Optional\SDKmesh.cpp">
      <Filter>DXUT</Filter>
    </ClCompile>
    <ClCompile Include="DXUT\Optional\SDKmisc.cpp">
      <Filter>DXUT</Filter>
    </ClCompile>
    <ClInclude Include="Object.h">
      <Filter>Object</Filter>
    </ClInclude>
    <ClInclude Include="SceneManager.h">
      <Filter>Manager\SceneManager</Filter>
    </ClInclude>
    <ClInclude Include="Scene.h">
      <Filter>Scenes\SceneBase</Filter>
    </ClInclude>
    <ClInclude Include="InGameScene.h">
      <Filter>Scenes\InGameScene</Filter>
    </ClInclude>
    <ClInclude Include="MonsterSpawner.h">
      <Filter>Object\MonsterSpawner</Filter>
    </ClInclude>
    <ClInclude Include="CameraManager.h">
      <Filter>Manager\CameraManager</Filter>
    </ClInclude>
    <ClInclude Include="Monster.h">
      <Filter>Object\Monster</Filter>
    </ClInclude>
    <ClInclude Include="BackGround.h">
      <Filter>Object\BackGround</Filter>
    </ClInclude>
    <ClInclude Include="InputManager.h">
      <Filter>Manager\InputManager</Filter>
    </ClInclude>
    <ClInclude Include="TowerTile.h">
      <Filter>Object\TowerTile</Filter>
    </ClInclude>
    <ClInclude Include="Tower.h">
      <Filter>Object\Tower</Filter>
    </ClInclude>
    <ClInclude Include="Tower01.h">
      <Filter>Object\Tower\Tower01</Filter>
    </ClInclude>
    <ClInclude Include="Bullet.h">
      <Filter>Object\Bullet</Filter>
    </ClInclude>
  </ItemGroup>
  <ItemGroup>
    <ClCompile Include="EmptyProject.cpp" />
    <ClCompile Include="ImageManager.cpp">
      <Filter>Manager\ImageManager</Filter>
    </ClCompile>
    <ClCompile Include="MainProc.cpp">
      <Filter>MainProc</Filter>
    </ClCompile>
    <ClCompile Include="ObjectManager.cpp">
      <Filter>Manager\ObjectManager</Filter>
    </ClCompile>
    <ClCompile Include="Object.cpp">
      <Filter>Object</Filter>
    </ClCompile>
    <ClCompile Include="SceneManager.cpp">
      <Filter>Manager\SceneManager</Filter>
    </ClCompile>
    <ClCompile Include="Scene.cpp">
      <Filter>Scenes\SceneBase</Filter>
    </ClCompile>
    <ClCompile Include="InGameScene.cpp">
      <Filter>Scenes\InGameScene</Filter>
    </ClCompile>
    <ClCompile Include="MonsterSpawner.cpp">
      <Filter>Object\MonsterSpawner</Filter>
    </ClCompile>
    <ClCompile Include="CameraManager.cpp">
      <Filter>Manager\CameraManager</Filter>
    </ClCompile>
    <ClCompile Include="Monster.cpp">
      <Filter>Object\Monster</Filter>
    </ClCompile>
    <ClCompile Include="BackGround.cpp">
      <Filter>Object\BackGround</Filter>
    </ClCompile>
    <ClCompile Include="InputManager.cpp">
      <Filter>Manager\InputManager</Filter>
    </ClCompile>
    <ClCompile Include="TowerTile.cpp">
      <Filter>Object\TowerTile</Filter>
    </ClCompile>
    <ClCompile Include="Tower.cpp">
      <Filter>Object\Tower</Filter>
    </ClCompile>
    <ClCompile Include="Tower01.cpp">
      <Filter>Object\Tower\Tower01</Filter>
    </ClCompile>
    <ClCompile Include="Bullet.cpp">
      <Filter>Object\Bullet</Filter>
    </ClCompile>
  </ItemGroup>
  <ItemGroup>
    <ClInclude Include="stdafx.h" />
    <ClInclude Include="ImageManager.h">
      <Filter>Manager\ImageManager</Filter>
    </ClInclude>
    <ClInclude Include="MainProc.h">
      <Filter>MainProc</Filter>
    </ClInclude>
    <ClInclude Include="Singleton.h">
      <Filter>Manager</Filter>
    </ClInclude>
    <ClInclude Include="ObjectManager.h">
      <Filter>Manager\ObjectManager</Filter>
    </ClInclude>
  </ItemGroup>
  <ItemGroup>
    <None Include="cpp.hint" />
  </ItemGroup>
</Project>